
Microsoft Visual Studio Solution File, Format Version 12.00
# Visual Studio 15
VisualStudioVersion = 15.0.26430.16
MinimumVisualStudioVersion = 10.0.40219.1
Project("{FAE04EC0-301F-11D3-BF4B-00C04F79EFBC}") = "BluetoothSPPServer", "BluetoothSPPServer\BluetoothSPPServer.csproj", "{1E7602B0-E7B0-469B-BA16-285CD9C57B0D}"
EndProject
Project("{FAE04EC0-301F-11D3-BF4B-00C04F79EFBC}") = "BluetoothServerGUI", "BluetoothServerGUI\BluetoothServerGUI.csproj", "{EA21DD71-DF6A-4471-9C42-B9E9CBA5F53C}"
EndProject
Global
	GlobalSection(SolutionConfigurationPlatforms) = preSolution
		Debug|Any CPU = Debug|Any CPU
		Release|Any CPU = Release|Any CPU
	EndGlobalSection
	GlobalSection(ProjectConfigurationPlatforms) = postSolution
		{1E7602B0-E7B0-469B-BA16-285CD9C57B0D}.Debug|Any CPU.ActiveCfg = Debug|Any CPU
		{1E7602B0-E7B0-469B-BA16-285CD9C57B0D}.Debug|Any CPU.Build.0 = Debug|Any CPU
		{1E7602B0-E7B0-469B-BA16-285CD9C57B0D}.Release|Any CPU.ActiveCfg = Release|Any CPU
		{1E7602B0-E7B0-469B-BA16-285CD9C57B0D}.Release|Any CPU.Build.0 = Release|Any CPU
		{EA21DD71-DF6A-4471-9C42-B9E9CBA5F53C}.Debug|Any CPU.ActiveCfg = Debug|Any CPU
		{EA21DD71-DF6A-4471-9C42-B9E9CBA5F53C}.Debug|Any CPU.Build.0 = Debug|Any CPU
		{EA21DD71-DF6A-4471-9C42-B9E9CBA5F53C}.Release|Any CPU.ActiveCfg = Release|Any CPU
		{EA21DD71-DF6A-4471-9C42-B9E9CBA5F53C}.Release|Any CPU.Build.0 = Release|Any CPU
	EndGlobalSection
	GlobalSection(SolutionProperties) = preSolution
		HideSolutionNode = FALSE
	EndGlobalSection
EndGlobal
